<Solution>
  <Project Path="AppComercial.Api/AppComercial.Api.csproj" />
  <Project Path="AppComercial.Application/AppComercial.Application.csproj" />
  <Project Path="AppComercial.Domain/AppComercial.Domain.csproj" />
  <Project Path="AppComercial.Infrastructure/AppComercial.Infrastructure.csproj" />
  <Project Path="AppComercial.ServerManager/AppComercial.ServerManager.csproj" />
  <Project Path="AppComercial.UnitTests/AppComercial.UnitTests.csproj" />
</Solution>
